// !$*UTF8*$!
{
	archiveVersion = 1;
	classes = {
	};
	objectVersion = 50;
	objects = {

/* Begin PBXBuildFile section */
		ECF5444A21376F03000BCCE0 /* MovieDetailsPresenter.swift in Sources */ = {isa = PBXBuildFile; fileRef = ECF5444921376F03000BCCE0 /* MovieDetailsPresenter.swift */; };
		ECF5444D213770CB000BCCE0 /* LoadingViewController.swift in Sources */ = {isa = PBXBuildFile; fileRef = ECF5444C213770CB000BCCE0 /* LoadingViewController.swift */; };
		ECF5445721379BFE000BCCE0 /* Localizable.strings in Resources */ = {isa = PBXBuildFile; fileRef = ECF5445921379BFE000BCCE0 /* Localizable.strings */; };
		ECF5445D2138E1D6000BCCE0 /* MoviesListInteractor.swift in Sources */ = {isa = PBXBuildFile; fileRef = ECF5445C2138E1D6000BCCE0 /* MoviesListInteractor.swift */; };
		ECF54460213B328E000BCCE0 /* CustomTransitionAnimation.swift in Sources */ = {isa = PBXBuildFile; fileRef = ECF5445F213B328E000BCCE0 /* CustomTransitionAnimation.swift */; };
		ECFCAC0821376E6200CEAAFC /* MovieDetailsViewController.swift in Sources */ = {isa = PBXBuildFile; fileRef = ECFCAC0721376E6200CEAAFC /* MovieDetailsViewController.swift */; };
		ECFD9B5E2134F01F004F0901 /* AppDelegate.swift in Sources */ = {isa = PBXBuildFile; fileRef = ECFD9B5D2134F01F004F0901 /* AppDelegate.swift */; };
		ECFD9B632134F01F004F0901 /* Main.storyboard in Resources */ = {isa = PBXBuildFile; fileRef = ECFD9B612134F01F004F0901 /* Main.storyboard */; };
		ECFD9B652134F021004F0901 /* Assets.xcassets in Resources */ = {isa = PBXBuildFile; fileRef = ECFD9B642134F021004F0901 /* Assets.xcassets */; };
		ECFD9B682134F021004F0901 /* LaunchScreen.storyboard in Resources */ = {isa = PBXBuildFile; fileRef = ECFD9B662134F021004F0901 /* LaunchScreen.storyboard */; };
		ECFD9B702134F076004F0901 /* MoviesDbRestAPI.swift in Sources */ = {isa = PBXBuildFile; fileRef = ECFD9B6F2134F076004F0901 /* MoviesDbRestAPI.swift */; };
		ECFD9B7321363ABE004F0901 /* Configuration.swift in Sources */ = {isa = PBXBuildFile; fileRef = ECFD9B7221363ABE004F0901 /* Configuration.swift */; };
		ECFD9B7521363AE5004F0901 /* Movie.swift in Sources */ = {isa = PBXBuildFile; fileRef = ECFD9B7421363AE5004F0901 /* Movie.swift */; };
		ECFD9B7721363BEB004F0901 /* MoviesListViewControlle.swift in Sources */ = {isa = PBXBuildFile; fileRef = ECFD9B7621363BEB004F0901 /* MoviesListViewControlle.swift */; };
		ECFD9B7921363C6B004F0901 /* MoviesListCell.swift in Sources */ = {isa = PBXBuildFile; fileRef = ECFD9B7821363C6B004F0901 /* MoviesListCell.swift */; };
		ECFD9B7B21363E99004F0901 /* MoviesListPresenter.swift in Sources */ = {isa = PBXBuildFile; fileRef = ECFD9B7A21363E99004F0901 /* MoviesListPresenter.swift */; };
		FD459485E9037F286D72AA08 /* Pods_UpMovies.framework in Frameworks */ = {isa = PBXBuildFile; fileRef = A302465ACDCAEB1334F1B303 /* Pods_UpMovies.framework */; };
/* End PBXBuildFile section */

/* Begin PBXFileReference section */
		74B558C124F3C081DE556B23 /* Pods-UpMovies.release.xcconfig */ = {isa = PBXFileReference; includeInIndex = 1; lastKnownFileType = text.xcconfig; name = "Pods-UpMovies.release.xcconfig"; path = "Pods/Target Support Files/Pods-UpMovies/Pods-UpMovies.release.xcconfig"; sourceTree = "<group>"; };
		A302465ACDCAEB1334F1B303 /* Pods_UpMovies.framework */ = {isa = PBXFileReference; explicitFileType = wrapper.framework; includeInIndex = 0; path = Pods_UpMovies.framework; sourceTree = BUILT_PRODUCTS_DIR; };
		ECF5444921376F03000BCCE0 /* MovieDetailsPresenter.swift */ = {isa = PBXFileReference; lastKnownFileType = sourcecode.swift; path = MovieDetailsPresenter.swift; sourceTree = "<group>"; };
		ECF5444C213770CB000BCCE0 /* LoadingViewController.swift */ = {isa = PBXFileReference; lastKnownFileType = sourcecode.swift; path = LoadingViewController.swift; sourceTree = "<group>"; };
		ECF5445A21379C03000BCCE0 /* Base */ = {isa = PBXFileReference; lastKnownFileType = text.plist.strings; name = Base; path = Base.lproj/Localizable.strings; sourceTree = "<group>"; };
		ECF5445B21379C43000BCCE0 /* pt-BR */ = {isa = PBXFileReference; lastKnownFileType = text.plist.strings; name = "pt-BR"; path = "pt-BR.lproj/Localizable.strings"; sourceTree = "<group>"; };
		ECF5445C2138E1D6000BCCE0 /* MoviesListInteractor.swift */ = {isa = PBXFileReference; lastKnownFileType = sourcecode.swift; path = MoviesListInteractor.swift; sourceTree = "<group>"; };
		ECF5445F213B328E000BCCE0 /* CustomTransitionAnimation.swift */ = {isa = PBXFileReference; lastKnownFileType = sourcecode.swift; path = CustomTransitionAnimation.swift; sourceTree = "<group>"; };
		ECFCAC0721376E6200CEAAFC /* MovieDetailsViewController.swift */ = {isa = PBXFileReference; lastKnownFileType = sourcecode.swift; path = MovieDetailsViewController.swift; sourceTree = "<group>"; };
		ECFD9B5A2134F01F004F0901 /* UpMovies.app */ = {isa = PBXFileReference; explicitFileType = wrapper.application; includeInIndex = 0; path = UpMovies.app; sourceTree = BUILT_PRODUCTS_DIR; };
		ECFD9B5D2134F01F004F0901 /* AppDelegate.swift */ = {isa = PBXFileReference; lastKnownFileType = sourcecode.swift; path = AppDelegate.swift; sourceTree = "<group>"; };
		ECFD9B622134F01F004F0901 /* Base */ = {isa = PBXFileReference; lastKnownFileType = file.storyboard; name = Base; path = Base.lproj/Main.storyboard; sourceTree = "<group>"; };
		ECFD9B642134F021004F0901 /* Assets.xcassets */ = {isa = PBXFileReference; lastKnownFileType = folder.assetcatalog; path = Assets.xcassets; sourceTree = "<group>"; };
		ECFD9B672134F021004F0901 /* Base */ = {isa = PBXFileReference; lastKnownFileType = file.storyboard; name = Base; path = Base.lproj/LaunchScreen.storyboard; sourceTree = "<group>"; };
		ECFD9B692134F021004F0901 /* Info.plist */ = {isa = PBXFileReference; lastKnownFileType = text.plist.xml; path = Info.plist; sourceTree = "<group>"; };
		ECFD9B6F2134F076004F0901 /* MoviesDbRestAPI.swift */ = {isa = PBXFileReference; lastKnownFileType = sourcecode.swift; path = MoviesDbRestAPI.swift; sourceTree = "<group>"; };
		ECFD9B7221363ABE004F0901 /* Configuration.swift */ = {isa = PBXFileReference; lastKnownFileType = sourcecode.swift; path = Configuration.swift; sourceTree = "<group>"; };
		ECFD9B7421363AE5004F0901 /* Movie.swift */ = {isa = PBXFileReference; lastKnownFileType = sourcecode.swift; path = Movie.swift; sourceTree = "<group>"; };
		ECFD9B7621363BEB004F0901 /* MoviesListViewControlle.swift */ = {isa = PBXFileReference; fileEncoding = 4; lastKnownFileType = sourcecode.swift; path = MoviesListViewControlle.swift; sourceTree = "<group>"; };
		ECFD9B7821363C6B004F0901 /* MoviesListCell.swift */ = {isa = PBXFileReference; lastKnownFileType = sourcecode.swift; path = MoviesListCell.swift; sourceTree = "<group>"; };
		ECFD9B7A21363E99004F0901 /* MoviesListPresenter.swift */ = {isa = PBXFileReference; lastKnownFileType = sourcecode.swift; path = MoviesListPresenter.swift; sourceTree = "<group>"; };
		F61A38BEC5FFA44E2791F261 /* Pods-UpMovies.debug.xcconfig */ = {isa = PBXFileReference; includeInIndex = 1; lastKnownFileType = text.xcconfig; name = "Pods-UpMovies.debug.xcconfig"; path = "Pods/Target Support Files/Pods-UpMovies/Pods-UpMovies.debug.xcconfig"; sourceTree = "<group>"; };
/* End PBXFileReference section */

/* Begin PBXFrameworksBuildPhase section */
		ECFD9B572134F01F004F0901 /* Frameworks */ = {
			isa = PBXFrameworksBuildPhase;
			buildActionMask = 2147483647;
			files = (
				FD459485E9037F286D72AA08 /* Pods_UpMovies.framework in Frameworks */,
			);
			runOnlyForDeploymentPostprocessing = 0;
		};
/* End PBXFrameworksBuildPhase section */

/* Begin PBXGroup section */
		0A297ED81CAA36EDD1C407BE /* Frameworks */ = {
			isa = PBXGroup;
			children = (
				A302465ACDCAEB1334F1B303 /* Pods_UpMovies.framework */,
			);
			name = Frameworks;
			sourceTree = "<group>";
		};
		EC064138E32A04C7CC335D59 /* Pods */ = {
			isa = PBXGroup;
			children = (
				F61A38BEC5FFA44E2791F261 /* Pods-UpMovies.debug.xcconfig */,
				74B558C124F3C081DE556B23 /* Pods-UpMovies.release.xcconfig */,
			);
			name = Pods;
			sourceTree = "<group>";
		};
		ECF5445E213B325C000BCCE0 /* InitialScreens */ = {
			isa = PBXGroup;
			children = (
				ECF5444C213770CB000BCCE0 /* LoadingViewController.swift */,
			);
			name = InitialScreens;
			sourceTree = "<group>";
		};
		ECFCAC0921376E6D00CEAAFC /* MoviesList */ = {
			isa = PBXGroup;
			children = (
				ECF5445F213B328E000BCCE0 /* CustomTransitionAnimation.swift */,
				ECFD9B7821363C6B004F0901 /* MoviesListCell.swift */,
				ECFD9B7621363BEB004F0901 /* MoviesListViewControlle.swift */,
				ECFD9B7A21363E99004F0901 /* MoviesListPresenter.swift */,
				ECF5445C2138E1D6000BCCE0 /* MoviesListInteractor.swift */,
			);
			name = MoviesList;
			sourceTree = "<group>";
		};
		ECFCAC0A21376E8D00CEAAFC /* MovieDetail */ = {
			isa = PBXGroup;
			children = (
				ECFCAC0721376E6200CEAAFC /* MovieDetailsViewController.swift */,
				ECF5444921376F03000BCCE0 /* MovieDetailsPresenter.swift */,
			);
			name = MovieDetail;
			sourceTree = "<group>";
		};
		ECFD9B512134F01F004F0901 = {
			isa = PBXGroup;
			children = (
				ECFD9B5C2134F01F004F0901 /* UpMovies */,
				ECFD9B5B2134F01F004F0901 /* Products */,
				EC064138E32A04C7CC335D59 /* Pods */,
				0A297ED81CAA36EDD1C407BE /* Frameworks */,
			);
			sourceTree = "<group>";
		};
		ECFD9B5B2134F01F004F0901 /* Products */ = {
			isa = PBXGroup;
			children = (
				ECFD9B5A2134F01F004F0901 /* UpMovies.app */,
			);
			name = Products;
			sourceTree = "<group>";
		};
		ECFD9B5C2134F01F004F0901 /* UpMovies */ = {
			isa = PBXGroup;
			children = (
				ECF5445E213B325C000BCCE0 /* InitialScreens */,
				ECFD9B5D2134F01F004F0901 /* AppDelegate.swift */,
				ECFD9B612134F01F004F0901 /* Main.storyboard */,
				ECFCAC0A21376E8D00CEAAFC /* MovieDetail */,
				ECFCAC0921376E6D00CEAAFC /* MoviesList */,
				ECFD9B6F2134F076004F0901 /* MoviesDbRestAPI.swift */,
				ECFD9B7121363A9B004F0901 /* Entities */,
				ECFD9B642134F021004F0901 /* Assets.xcassets */,
				ECFD9B662134F021004F0901 /* LaunchScreen.storyboard */,
				ECFD9B692134F021004F0901 /* Info.plist */,
				ECF5445921379BFE000BCCE0 /* Localizable.strings */,
			);
			path = UpMovies;
			sourceTree = "<group>";
		};
		ECFD9B7121363A9B004F0901 /* Entities */ = {
			isa = PBXGroup;
			children = (
				ECFD9B7221363ABE004F0901 /* Configuration.swift */,
				ECFD9B7421363AE5004F0901 /* Movie.swift */,
			);
			path = Entities;
			sourceTree = "<group>";
		};
/* End PBXGroup section */

/* Begin PBXNativeTarget section */
		ECFD9B592134F01F004F0901 /* UpMovies */ = {
			isa = PBXNativeTarget;
			buildConfigurationList = ECFD9B6C2134F021004F0901 /* Build configuration list for PBXNativeTarget "UpMovies" */;
			buildPhases = (
				DF1C8E7B548C7B62D7E2C0F1 /* [CP] Check Pods Manifest.lock */,
				ECFD9B562134F01F004F0901 /* Sources */,
				ECFD9B572134F01F004F0901 /* Frameworks */,
				ECFD9B582134F01F004F0901 /* Resources */,
				1F97DEEEF05D88658B3FE4B5 /* [CP] Embed Pods Frameworks */,
			);
			buildRules = (
			);
			dependencies = (
			);
			name = UpMovies;
			productName = UpMovies;
			productReference = ECFD9B5A2134F01F004F0901 /* UpMovies.app */;
			productType = "com.apple.product-type.application";
		};
/* End PBXNativeTarget section */

/* Begin PBXProject section */
		ECFD9B522134F01F004F0901 /* Project object */ = {
			isa = PBXProject;
			attributes = {
				LastSwiftUpdateCheck = 0940;
				LastUpgradeCheck = 0940;
				ORGANIZATIONNAME = "Gustavo Azevedo de Oliveira";
				TargetAttributes = {
					ECFD9B592134F01F004F0901 = {
						CreatedOnToolsVersion = 9.4.1;
					};
				};
			};
			buildConfigurationList = ECFD9B552134F01F004F0901 /* Build configuration list for PBXProject "UpMovies" */;
			compatibilityVersion = "Xcode 9.3";
			developmentRegion = en;
			hasScannedForEncodings = 0;
			knownRegions = (
				en,
				Base,
				"pt-BR",
			);
			mainGroup = ECFD9B512134F01F004F0901;
			productRefGroup = ECFD9B5B2134F01F004F0901 /* Products */;
			projectDirPath = "";
			projectRoot = "";
			targets = (
				ECFD9B592134F01F004F0901 /* UpMovies */,
			);
		};
/* End PBXProject section */

/* Begin PBXResourcesBuildPhase section */
		ECFD9B582134F01F004F0901 /* Resources */ = {
			isa = PBXResourcesBuildPhase;
			buildActionMask = 2147483647;
			files = (
				ECFD9B682134F021004F0901 /* LaunchScreen.storyboard in Resources */,
				ECF5445721379BFE000BCCE0 /* Localizable.strings in Resources */,
				ECFD9B652134F021004F0901 /* Assets.xcassets in Resources */,
				ECFD9B632134F01F004F0901 /* Main.storyboard in Resources */,
			);
			runOnlyForDeploymentPostprocessing = 0;
		};
/* End PBXResourcesBuildPhase section */

/* Begin PBXShellScriptBuildPhase section */
		1F97DEEEF05D88658B3FE4B5 /* [CP] Embed Pods Frameworks */ = {
			isa = PBXShellScriptBuildPhase;
			buildActionMask = 2147483647;
			files = (
			);
			inputPaths = (
				"${SRCROOT}/Pods/Target Support Files/Pods-UpMovies/Pods-UpMovies-frameworks.sh",
				"${BUILT_PRODUCTS_DIR}/Kingfisher/Kingfisher.framework",
			);
			name = "[CP] Embed Pods Frameworks";
			outputPaths = (
				"${TARGET_BUILD_DIR}/${FRAMEWORKS_FOLDER_PATH}/Kingfisher.framework",
			);
			runOnlyForDeploymentPostprocessing = 0;
			shellPath = /bin/sh;
			shellScript = "\"${SRCROOT}/Pods/Target Support Files/Pods-UpMovies/Pods-UpMovies-frameworks.sh\"\n";
			showEnvVarsInLog = 0;
		};
		DF1C8E7B548C7B62D7E2C0F1 /* [CP] Check Pods Manifest.lock */ = {
			isa = PBXShellScriptBuildPhase;
			buildActionMask = 2147483647;
			files = (
			);
			inputPaths = (
				"${PODS_PODFILE_DIR_PATH}/Podfile.lock",
				"${PODS_ROOT}/Manifest.lock",
			);
			name = "[CP] Check Pods Manifest.lock";
			outputPaths = (
				"$(DERIVED_FILE_DIR)/Pods-UpMovies-checkManifestLockResult.txt",
			);
			runOnlyForDeploymentPostprocessing = 0;
			shellPath = /bin/sh;
			shellScript = "diff \"${PODS_PODFILE_DIR_PATH}/Podfile.lock\" \"${PODS_ROOT}/Manifest.lock\" > /dev/null\nif [ $? != 0 ] ; then\n    # print error to STDERR\n    echo \"error: The sandbox is not in sync with the Podfile.lock. Run 'pod install' or update your CocoaPods installation.\" >&2\n    exit 1\nfi\n# This output is used by Xcode 'outputs' to avoid re-running this script phase.\necho \"SUCCESS\" > \"${SCRIPT_OUTPUT_FILE_0}\"\n";
			showEnvVarsInLog = 0;
		};
/* End PBXShellScriptBuildPhase section */

/* Begin PBXSourcesBuildPhase section */
		ECFD9B562134F01F004F0901 /* Sources */ = {
			isa = PBXSourcesBuildPhase;
			buildActionMask = 2147483647;
			files = (
				ECFCAC0821376E6200CEAAFC /* MovieDetailsViewController.swift in Sources */,
				ECFD9B702134F076004F0901 /* MoviesDbRestAPI.swift in Sources */,
				ECF5445D2138E1D6000BCCE0 /* MoviesListInteractor.swift in Sources */,
				ECFD9B7321363ABE004F0901 /* Configuration.swift in Sources */,
				ECF54460213B328E000BCCE0 /* CustomTransitionAnimation.swift in Sources */,
				ECFD9B5E2134F01F004F0901 /* AppDelegate.swift in Sources */,
				ECFD9B7B21363E99004F0901 /* MoviesListPresenter.swift in Sources */,
				ECFD9B7721363BEB004F0901 /* MoviesListViewControlle.swift in Sources */,
				ECFD9B7921363C6B004F0901 /* MoviesListCell.swift in Sources */,
				ECF5444D213770CB000BCCE0 /* LoadingViewController.swift in Sources */,
				ECFD9B7521363AE5004F0901 /* Movie.swift in Sources */,
				ECF5444A21376F03000BCCE0 /* MovieDetailsPresenter.swift in Sources */,
			);
			runOnlyForDeploymentPostprocessing = 0;
		};
/* End PBXSourcesBuildPhase section */

/* Begin PBXVariantGroup section */
		ECF5445921379BFE000BCCE0 /* Localizable.strings */ = {
			isa = PBXVariantGroup;
			children = (
				ECF5445A21379C03000BCCE0 /* Base */,
				ECF5445B21379C43000BCCE0 /* pt-BR */,
			);
			name = Localizable.strings;
			sourceTree = "<group>";
		};
		ECFD9B612134F01F004F0901 /* Main.storyboard */ = {
			isa = PBXVariantGroup;
			children = (
				ECFD9B622134F01F004F0901 /* Base */,
			);
			name = Main.storyboard;
			sourceTree = "<group>";
		};
		ECFD9B662134F021004F0901 /* LaunchScreen.storyboard */ = {
			isa = PBXVariantGroup;
			children = (
				ECFD9B672134F021004F0901 /* Base */,
			);
			name = LaunchScreen.storyboard;
			sourceTree = "<group>";
		};
/* End PBXVariantGroup section */

/* Begin XCBuildConfiguration section */
		ECFD9B6A2134F021004F0901 /* Debug */ = {
			isa = XCBuildConfiguration;
			buildSettings = {
				ALWAYS_SEARCH_USER_PATHS = NO;
				CLANG_ANALYZER_LOCALIZABILITY_NONLOCALIZED = YES;
				CLANG_ANALYZER_NONNULL = YES;
				CLANG_ANALYZER_NUMBER_OBJECT_CONVERSION = YES_AGGRESSIVE;
				CLANG_CXX_LANGUAGE_STANDARD = "gnu++14";
				CLANG_CXX_LIBRARY = "libc++";
				CLANG_ENABLE_MODULES = YES;
				CLANG_ENABLE_OBJC_ARC = YES;
				CLANG_ENABLE_OBJC_WEAK = YES;
				CLANG_WARN_BLOCK_CAPTURE_AUTORELEASING = YES;
				CLANG_WARN_BOOL_CONVERSION = YES;
				CLANG_WARN_COMMA = YES;
				CLANG_WARN_CONSTANT_CONVERSION = YES;
				CLANG_WARN_DEPRECATED_OBJC_IMPLEMENTATIONS = YES;
				CLANG_WARN_DIRECT_OBJC_ISA_USAGE = YES_ERROR;
				CLANG_WARN_DOCUMENTATION_COMMENTS = YES;
				CLANG_WARN_EMPTY_BODY = YES;
				CLANG_WARN_ENUM_CONVERSION = YES;
				CLANG_WARN_INFINITE_RECURSION = YES;
				CLANG_WARN_INT_CONVERSION = YES;
				CLANG_WARN_NON_LITERAL_NULL_CONVERSION = YES;
				CLANG_WARN_OBJC_IMPLICIT_RETAIN_SELF = YES;
				CLANG_WARN_OBJC_LITERAL_CONVERSION = YES;
				CLANG_WARN_OBJC_ROOT_CLASS = YES_ERROR;
				CLANG_WARN_RANGE_LOOP_ANALYSIS = YES;
				CLANG_WARN_STRICT_PROTOTYPES = YES;
				CLANG_WARN_SUSPICIOUS_MOVE = YES;
				CLANG_WARN_UNGUARDED_AVAILABILITY = YES_AGGRESSIVE;
				CLANG_WARN_UNREACHABLE_CODE = YES;
				CLANG_WARN__DUPLICATE_METHOD_MATCH = YES;
				CODE_SIGN_IDENTITY = "iPhone Developer";
				COPY_PHASE_STRIP = NO;
				DEBUG_INFORMATION_FORMAT = dwarf;
				ENABLE_STRICT_OBJC_MSGSEND = YES;
				ENABLE_TESTABILITY = YES;
				GCC_C_LANGUAGE_STANDARD = gnu11;
				GCC_DYNAMIC_NO_PIC = NO;
				GCC_NO_COMMON_BLOCKS = YES;
				GCC_OPTIMIZATION_LEVEL = 0;
				GCC_PREPROCESSOR_DEFINITIONS = (
					"DEBUG=1",
					"$(inherited)",
				);
				GCC_WARN_64_TO_32_BIT_CONVERSION = YES;
				GCC_WARN_ABOUT_RETURN_TYPE = YES_ERROR;
				GCC_WARN_UNDECLARED_SELECTOR = YES;
				GCC_WARN_UNINITIALIZED_AUTOS = YES_AGGRESSIVE;
				GCC_WARN_UNUSED_FUNCTION = YES;
				GCC_WARN_UNUSED_VARIABLE = YES;
				IPHONEOS_DEPLOYMENT_TARGET = 11.4;
				MTL_ENABLE_DEBUG_INFO = YES;
				ONLY_ACTIVE_ARCH = YES;
				SDKROOT = iphoneos;
				SWIFT_ACTIVE_COMPILATION_CONDITIONS = DEBUG;
				SWIFT_OPTIMIZATION_LEVEL = "-Onone";
			};
			name = Debug;
		};
		ECFD9B6B2134F021004F0901 /* Release */ = {
			isa = XCBuildConfiguration;
			buildSettings = {
				ALWAYS_SEARCH_USER_PATHS = NO;
				CLANG_ANALYZER_LOCALIZABILITY_NONLOCALIZED = YES;
				CLANG_ANALYZER_NONNULL = YES;
				CLANG_ANALYZER_NUMBER_OBJECT_CONVERSION = YES_AGGRESSIVE;
				CLANG_CXX_LANGUAGE_STANDARD = "gnu++14";
				CLANG_CXX_LIBRARY = "libc++";
				CLANG_ENABLE_MODULES = YES;
				CLANG_ENABLE_OBJC_ARC = YES;
				CLANG_ENABLE_OBJC_WEAK = YES;
				CLANG_WARN_BLOCK_CAPTURE_AUTORELEASING = YES;
				CLANG_WARN_BOOL_CONVERSION = YES;
				CLANG_WARN_COMMA = YES;
				CLANG_WARN_CONSTANT_CONVERSION = YES;
				CLANG_WARN_DEPRECATED_OBJC_IMPLEMENTATIONS = YES;
				CLANG_WARN_DIRECT_OBJC_ISA_USAGE = YES_ERROR;
				CLANG_WARN_DOCUMENTATION_COMMENTS = YES;
				CLANG_WARN_EMPTY_BODY = YES;
				CLANG_WARN_ENUM_CONVERSION = YES;
				CLANG_WARN_INFINITE_RECURSION = YES;
				CLANG_WARN_INT_CONVERSION = YES;
				CLANG_WARN_NON_LITERAL_NULL_CONVERSION = YES;
				CLANG_WARN_OBJC_IMPLICIT_RETAIN_SELF = YES;
				CLANG_WARN_OBJC_LITERAL_CONVERSION = YES;
				CLANG_WARN_OBJC_ROOT_CLASS = YES_ERROR;
				CLANG_WARN_RANGE_LOOP_ANALYSIS = YES;
				CLANG_WARN_STRICT_PROTOTYPES = YES;
				CLANG_WARN_SUSPICIOUS_MOVE = YES;
				CLANG_WARN_UNGUARDED_AVAILABILITY = YES_AGGRESSIVE;
				CLANG_WARN_UNREACHABLE_CODE = YES;
				CLANG_WARN__DUPLICATE_METHOD_MATCH = YES;
				CODE_SIGN_IDENTITY = "iPhone Developer";
				COPY_PHASE_STRIP = NO;
				DEBUG_INFORMATION_FORMAT = "dwarf-with-dsym";
				ENABLE_NS_ASSERTIONS = NO;
				ENABLE_STRICT_OBJC_MSGSEND = YES;
				GCC_C_LANGUAGE_STANDARD = gnu11;
				GCC_NO_COMMON_BLOCKS = YES;
				GCC_WARN_64_TO_32_BIT_CONVERSION = YES;
				GCC_WARN_ABOUT_RETURN_TYPE = YES_ERROR;
				GCC_WARN_UNDECLARED_SELECTOR = YES;
				GCC_WARN_UNINITIALIZED_AUTOS = YES_AGGRESSIVE;
				GCC_WARN_UNUSED_FUNCTION = YES;
				GCC_WARN_UNUSED_VARIABLE = YES;
				IPHONEOS_DEPLOYMENT_TARGET = 11.4;
				MTL_ENABLE_DEBUG_INFO = NO;
				SDKROOT = iphoneos;
				SWIFT_COMPILATION_MODE = wholemodule;
				SWIFT_OPTIMIZATION_LEVEL = "-O";
				VALIDATE_PRODUCT = YES;
			};
			name = Release;
		};
		ECFD9B6D2134F021004F0901 /* Debug */ = {
			isa = XCBuildConfiguration;
			baseConfigurationReference = F61A38BEC5FFA44E2791F261 /* Pods-UpMovies.debug.xcconfig */;
			buildSettings = {
				ASSETCATALOG_COMPILER_APPICON_NAME = AppIcon;
				CODE_SIGN_STYLE = Automatic;
				DEVELOPMENT_TEAM = SZG7J3P766;
				INFOPLIST_FILE = UpMovies/Info.plist;
				IPHONEOS_DEPLOYMENT_TARGET = 10.0;
				LD_RUNPATH_SEARCH_PATHS = (
					"$(inherited)",
					"@executable_path/Frameworks",
				);
				PRODUCT_BUNDLE_IDENTIFIER = com.gustavo.UpMovies;
				PRODUCT_NAME = "$(TARGET_NAME)";
				SWIFT_VERSION = 4.0;
				TARGETED_DEVICE_FAMILY = "1,2";
			};
			name = Debug;
		};
		ECFD9B6E2134F021004F0901 /* Release */ = {
			isa = XCBuildConfiguration;
			baseConfigurationReference = 74B558C124F3C081DE556B23 /* Pods-UpMovies.release.xcconfig */;
			buildSettings = {
				ASSETCATALOG_COMPILER_APPICON_NAME = AppIcon;
				CODE_SIGN_STYLE = Automatic;
				DEVELOPMENT_TEAM = SZG7J3P766;
				INFOPLIST_FILE = UpMovies/Info.plist;
				IPHONEOS_DEPLOYMENT_TARGET = 10.0;
				LD_RUNPATH_SEARCH_PATHS = (
					"$(inherited)",
					"@executable_path/Frameworks",
				);
				PRODUCT_BUNDLE_IDENTIFIER = com.gustavo.UpMovies;
				PRODUCT_NAME = "$(TARGET_NAME)";
				SWIFT_VERSION = 4.0;
				TARGETED_DEVICE_FAMILY = "1,2";
			};
			name = Release;
		};
/* End XCBuildConfiguration section */

/* Begin XCConfigurationList section */
		ECFD9B552134F01F004F0901 /* Build configuration list for PBXProject "UpMovies" */ = {
			isa = XCConfigurationList;
			buildConfigurations = (
				ECFD9B6A2134F021004F0901 /* Debug */,
				ECFD9B6B2134F021004F0901 /* Release */,
			);
			defaultConfigurationIsVisible = 0;
			defaultConfigurationName = Release;
		};
		ECFD9B6C2134F021004F0901 /* Build configuration list for PBXNativeTarget "UpMovies" */ = {
			isa = XCConfigurationList;
			buildConfigurations = (
				ECFD9B6D2134F021004F0901 /* Debug */,
				ECFD9B6E2134F021004F0901 /* Release */,
			);
			defaultConfigurationIsVisible = 0;
			defaultConfigurationName = Release;
		};
/* End XCConfigurationList section */
	};
	rootObject = ECFD9B522134F01F004F0901 /* Project object */;
}
